
Microsoft Visual Studio Solution File, Format Version 12.00
# Visual Studio 14
VisualStudioVersion = 14.0.25123.0
MinimumVisualStudioVersion = 10.0.40219.1
Project("{FAE04EC0-301F-11D3-BF4B-00C04F79EFBC}") = "BeerME", "BeerME\BeerME.csproj", "{DBF16854-9785-4843-95B5-C159B70F8BE2}"
EndProject
Global
	GlobalSection(SolutionConfigurationPlatforms) = preSolution
		Debug|ARM = Debug|ARM
		Debug|x64 = Debug|x64
		Debug|x86 = Debug|x86
		Release|ARM = Release|ARM
		Release|x64 = Release|x64
		Release|x86 = Release|x86
	EndGlobalSection
	GlobalSection(ProjectConfigurationPlatforms) = postSolution
		{DBF16854-9785-4843-95B5-C159B70F8BE2}.Debug|ARM.ActiveCfg = Debug|ARM
		{DBF16854-9785-4843-95B5-C159B70F8BE2}.Debug|ARM.Build.0 = Debug|ARM
		{DBF16854-9785-4843-95B5-C159B70F8BE2}.Debug|ARM.Deploy.0 = Debug|ARM
		{DBF16854-9785-4843-95B5-C159B70F8BE2}.Debug|x64.ActiveCfg = Debug|x64
		{DBF16854-9785-4843-95B5-C159B70F8BE2}.Debug|x64.Build.0 = Debug|x64
		{DBF16854-9785-4843-95B5-C159B70F8BE2}.Debug|x64.Deploy.0 = Debug|x64
		{DBF16854-9785-4843-95B5-C159B70F8BE2}.Debug|x86.ActiveCfg = Debug|x86
		{DBF16854-9785-4843-95B5-C159B70F8BE2}.Debug|x86.Build.0 = Debug|x86
		{DBF16854-9785-4843-95B5-C159B70F8BE2}.Debug|x86.Deploy.0 = Debug|x86
		{DBF16854-9785-4843-95B5-C159B70F8BE2}.Release|ARM.ActiveCfg = Release|ARM
		{DBF16854-9785-4843-95B5-C159B70F8BE2}.Release|ARM.Build.0 = Release|ARM
		{DBF16854-9785-4843-95B5-C159B70F8BE2}.Release|ARM.Deploy.0 = Release|ARM
		{DBF16854-9785-4843-95B5-C159B70F8BE2}.Release|x64.ActiveCfg = Release|x64
		{DBF16854-9785-4843-95B5-C159B70F8BE2}.Release|x64.Build.0 = Release|x64
		{DBF16854-9785-4843-95B5-C159B70F8BE2}.Release|x64.Deploy.0 = Release|x64
		{DBF16854-9785-4843-95B5-C159B70F8BE2}.Release|x86.ActiveCfg = Release|x86
		{DBF16854-9785-4843-95B5-C159B70F8BE2}.Release|x86.Build.0 = Release|x86
		{DBF16854-9785-4843-95B5-C159B70F8BE2}.Release|x86.Deploy.0 = Release|x86
	EndGlobalSection
	GlobalSection(SolutionProperties) = preSolution
		HideSolutionNode = FALSE
	EndGlobalSection
EndGlobal
